
Microsoft Visual Studio Solution File, Format Version 12.00
Project("{FAE04EC0-301F-11D3-BF4B-00C04F79EFBC}") = "ScrutinApi", "ScrutinApi\ScrutinApi.csproj", "{8BE24429-5942-4BC5-B200-5F2EB82D46C6}"
EndProject
Project("{FAE04EC0-301F-11D3-BF4B-00C04F79EFBC}") = "Scrutin.Specs", "Scrutin.Specs\Scrutin.Specs.csproj", "{2AD37FE2-7491-40E2-A760-B31FE2A008E8}"
EndProject
Global
	GlobalSection(SolutionConfigurationPlatforms) = preSolution
		Debug|Any CPU = Debug|Any CPU
		Release|Any CPU = Release|Any CPU
	EndGlobalSection
	GlobalSection(ProjectConfigurationPlatforms) = postSolution
		{8BE24429-5942-4BC5-B200-5F2EB82D46C6}.Debug|Any CPU.ActiveCfg = Debug|Any CPU
		{8BE24429-5942-4BC5-B200-5F2EB82D46C6}.Debug|Any CPU.Build.0 = Debug|Any CPU
		{8BE24429-5942-4BC5-B200-5F2EB82D46C6}.Release|Any CPU.ActiveCfg = Release|Any CPU
		{8BE24429-5942-4BC5-B200-5F2EB82D46C6}.Release|Any CPU.Build.0 = Release|Any CPU
		{2AD37FE2-7491-40E2-A760-B31FE2A008E8}.Debug|Any CPU.ActiveCfg = Debug|Any CPU
		{2AD37FE2-7491-40E2-A760-B31FE2A008E8}.Debug|Any CPU.Build.0 = Debug|Any CPU
		{2AD37FE2-7491-40E2-A760-B31FE2A008E8}.Release|Any CPU.ActiveCfg = Release|Any CPU
		{2AD37FE2-7491-40E2-A760-B31FE2A008E8}.Release|Any CPU.Build.0 = Release|Any CPU
	EndGlobalSection
EndGlobal
